Microsoft Visual Studio Solution File, Format Version 12.00
# Visual Studio 15
VisualStudioVersion = 15.0.27004.2009
MinimumVisualStudioVersion = 10.0.40219.1
Project("{8BC9CEB8-8B4A-11D0-8D11-00A0C91BC942}") = "Game", "Game.vcxproj", "{06EDC280-1187-4614-A248-E640C095FA6B}"
	ProjectSection(ProjectDependencies) = postProject
		{9E48DCB9-B936-4C81-BB4C-F3EAA794A8E8} = {9E48DCB9-B936-4C81-BB4C-F3EAA794A8E8}
	EndProjectSection
EndProject
Project("{8BC9CEB8-8B4A-11D0-8D11-00A0C91BC942}") = "tkEngine", "..\tkEngine\tkEngine.vcxproj", "{9E48DCB9-B936-4C81-BB4C-F3EAA794A8E8}"
	ProjectSection(ProjectDependencies) = postProject
		{91E36741-5DFC-46E3-A7F3-28A67FD637C8} = {91E36741-5DFC-46E3-A7F3-28A67FD637C8}
		{28EF574A-84DB-3CB0-9B45-DB3545B2D05C} = {28EF574A-84DB-3CB0-9B45-DB3545B2D05C}
		{4DCE52A5-106C-3D94-815D-C8EBC6133B5E} = {4DCE52A5-106C-3D94-815D-C8EBC6133B5E}
		{4E7A02CF-51F7-414B-9874-A34116D2B43C} = {4E7A02CF-51F7-414B-9874-A34116D2B43C}
		{E0B52AE7-E160-4D32-BF3F-910B785E5A8E} = {E0B52AE7-E160-4D32-BF3F-910B785E5A8E}
		{9BF1ADF3-EB57-35E8-B156-ADE8FFC7E2F0} = {9BF1ADF3-EB57-35E8-B156-ADE8FFC7E2F0}
	EndProjectSection
EndProject
Project("{8BC9CEB8-8B4A-11D0-8D11-00A0C91BC942}") = "DirectXTK_Desktop_2015_Win10", "..\tkEngine\DirectXTK\DirectXTK_Desktop_2015_Win10.vcxproj", "{E0B52AE7-E160-4D32-BF3F-910B785E5A8E}"
EndProject
Project("{2150E333-8FDC-42A3-9474-1A3956D46DE8}") = "exlib", "exlib", "{D716790C-2705-4A58-9730-194B07A08649}"
EndProject
Project("{8BC9CEB8-8B4A-11D0-8D11-00A0C91BC942}") = "BulletCollision", "..\tkEngine\bulletPhysics\src\BulletCollision\BulletCollision.vcxproj", "{28EF574A-84DB-3CB0-9B45-DB3545B2D05C}"
EndProject
Project("{8BC9CEB8-8B4A-11D0-8D11-00A0C91BC942}") = "BulletDynamics", "..\tkEngine\bulletPhysics\src\BulletDynamics\BulletDynamics.vcxproj", "{9BF1ADF3-EB57-35E8-B156-ADE8FFC7E2F0}"
EndProject
Project("{8BC9CEB8-8B4A-11D0-8D11-00A0C91BC942}") = "LinearMath", "..\tkEngine\bulletPhysics\src\LinearMath\LinearMath.vcxproj", "{4DCE52A5-106C-3D94-815D-C8EBC6133B5E}"
EndProject
Project("{8BC9CEB8-8B4A-11D0-8D11-00A0C91BC942}") = "Effekseer", "..\tkEngine\EffekseerRuntime130\src\Effekseer\Effekseer.vcxproj", "{91E36741-5DFC-46E3-A7F3-28A67FD637C8}"
EndProject
Project("{8BC9CEB8-8B4A-11D0-8D11-00A0C91BC942}") = "EffekseerRendererDX11", "..\tkEngine\EffekseerRuntime130\src\EffekseerRendererDX11\EffekseerRendererDX11.vcxproj", "{4E7A02CF-51F7-414B-9874-A34116D2B43C}"
EndProject
Global
	GlobalSection(SolutionConfigurationPlatforms) = preSolution
		Debug_Low|x64 = Debug_Low|x64
		Debug_Low|x86 = Debug_Low|x86
		Debug_Middle|x64 = Debug_Middle|x64
		Debug_Middle|x86 = Debug_Middle|x86
		Debug|x64 = Debug|x64
		Debug|x86 = Debug|x86
		Preview_Low|x64 = Preview_Low|x64
		Preview_Low|x86 = Preview_Low|x86
		Preview_Middle|x64 = Preview_Middle|x64
		Preview_Middle|x86 = Preview_Middle|x86
		Preview|x64 = Preview|x64
		Preview|x86 = Preview|x86
		Release_Low|x64 = Release_Low|x64
		Release_Low|x86 = Release_Low|x86
		Release_Middle|x64 = Release_Middle|x64
		Release_Middle|x86 = Release_Middle|x86
		Release|x64 = Release|x64
		Release|x86 = Release|x86
	EndGlobalSection
	GlobalSection(ProjectConfigurationPlatforms) = postSolution
		{06EDC280-1187-4614-A248-E640C095FA6B}.Debug_Low|x64.ActiveCfg = Debug_Low|x64
		{06EDC280-1187-4614-A248-E640C095FA6B}.Debug_Low|x64.Build.0 = Debug_Low|x64
		{06EDC280-1187-4614-A248-E640C095FA6B}.Debug_Low|x86.ActiveCfg = Debug_Low|Win32
		{06EDC280-1187-4614-A248-E640C095FA6B}.Debug_Low|x86.Build.0 = Debug_Low|Win32
		{06EDC280-1187-4614-A248-E640C095FA6B}.Debug_Middle|x64.ActiveCfg = Debug_Middle|x64
		{06EDC280-1187-4614-A248-E640C095FA6B}.Debug_Middle|x64.Build.0 = Debug_Middle|x64
		{06EDC280-1187-4614-A248-E640C095FA6B}.Debug_Middle|x86.ActiveCfg = Debug_Middle|Win32
		{06EDC280-1187-4614-A248-E640C095FA6B}.Debug_Middle|x86.Build.0 = Debug_Middle|Win32
		{06EDC280-1187-4614-A248-E640C095FA6B}.Debug|x64.ActiveCfg = Debug|x64
		{06EDC280-1187-4614-A248-E640C095FA6B}.Debug|x64.Build.0 = Debug|x64
		{06EDC280-1187-4614-A248-E640C095FA6B}.Debug|x86.ActiveCfg = Debug|Win32
		{06EDC280-1187-4614-A248-E640C095FA6B}.Debug|x86.Build.0 = Debug|Win32
		{06EDC280-1187-4614-A248-E640C095FA6B}.Preview_Low|x64.ActiveCfg = Preview_Low|x64
		{06EDC280-1187-4614-A248-E640C095FA6B}.Preview_Low|x64.Build.0 = Preview_Low|x64
		{06EDC280-1187-4614-A248-E640C095FA6B}.Preview_Low|x86.ActiveCfg = Preview_Low|Win32
		{06EDC280-1187-4614-A248-E640C095FA6B}.Preview_Low|x86.Build.0 = Preview_Low|Win32
		{06EDC280-1187-4614-A248-E640C095FA6B}.Preview_Middle|x64.ActiveCfg = Preview_Middle|x64
		{06EDC280-1187-4614-A248-E640C095FA6B}.Preview_Middle|x64.Build.0 = Preview_Middle|x64
		{06EDC280-1187-4614-A248-E640C095FA6B}.Preview_Middle|x86.ActiveCfg = Preview_Middle|Win32
		{06EDC280-1187-4614-A248-E640C095FA6B}.Preview_Middle|x86.Build.0 = Preview_Middle|Win32
		{06EDC280-1187-4614-A248-E640C095FA6B}.Preview|x64.ActiveCfg = Preview|x64
		{06EDC280-1187-4614-A248-E640C095FA6B}.Preview|x64.Build.0 = Preview|x64
		{06EDC280-1187-4614-A248-E640C095FA6B}.Preview|x86.ActiveCfg = Preview|Win32
		{06EDC280-1187-4614-A248-E640C095FA6B}.Preview|x86.Build.0 = Preview|Win32
		{06EDC280-1187-4614-A248-E640C095FA6B}.Release_Low|x64.ActiveCfg = Release_Low|x64
		{06EDC280-1187-4614-A248-E640C095FA6B}.Release_Low|x64.Build.0 = Release_Low|x64
		{06EDC280-1187-4614-A248-E640C095FA6B}.Release_Low|x86.ActiveCfg = Release_Low|Win32
		{06EDC280-1187-4614-A248-E640C095FA6B}.Release_Low|x86.Build.0 = Release_Low|Win32
		{06EDC280-1187-4614-A248-E640C095FA6B}.Release_Middle|x64.ActiveCfg = Release_Middle|x64
		{06EDC280-1187-4614-A248-E640C095FA6B}.Release_Middle|x64.Build.0 = Release_Middle|x64
		{06EDC280-1187-4614-A248-E640C095FA6B}.Release_Middle|x86.ActiveCfg = Release_Middle|Win32
		{06EDC280-1187-4614-A248-E640C095FA6B}.Release_Middle|x86.Build.0 = Release_Middle|Win32
		{06EDC280-1187-4614-A248-E640C095FA6B}.Release|x64.ActiveCfg = Release|x64
		{06EDC280-1187-4614-A248-E640C095FA6B}.Release|x64.Build.0 = Release|x64
		{06EDC280-1187-4614-A248-E640C095FA6B}.Release|x86.ActiveCfg = Release|Win32
		{06EDC280-1187-4614-A248-E640C095FA6B}.Release|x86.Build.0 = Release|Win32
		{9E48DCB9-B936-4C81-BB4C-F3EAA794A8E8}.Debug_Low|x64.ActiveCfg = Debug_Low|x64
		{9E48DCB9-B936-4C81-BB4C-F3EAA794A8E8}.Debug_Low|x64.Build.0 = Debug_Low|x64
		{9E48DCB9-B936-4C81-BB4C-F3EAA794A8E8}.Debug_Low|x86.ActiveCfg = Debug_Low|Win32
		{9E48DCB9-B936-4C81-BB4C-F3EAA794A8E8}.Debug_Low|x86.Build.0 = Debug_Low|Win32
		{9E48DCB9-B936-4C81-BB4C-F3EAA794A8E8}.Debug_Middle|x64.ActiveCfg = Debug_Middle|x64
		{9E48DCB9-B936-4C81-BB4C-F3EAA794A8E8}.Debug_Middle|x64.Build.0 = Debug_Middle|x64
		{9E48DCB9-B936-4C81-BB4C-F3EAA794A8E8}.Debug_Middle|x86.ActiveCfg = Debug_Middle|Win32
		{9E48DCB9-B936-4C81-BB4C-F3EAA794A8E8}.Debug_Middle|x86.Build.0 = Debug_Middle|Win32
		{9E48DCB9-B936-4C81-BB4C-F3EAA794A8E8}.Debug|x64.ActiveCfg = Debug|x64
		{9E48DCB9-B936-4C81-BB4C-F3EAA794A8E8}.Debug|x64.Build.0 = Debug|x64
		{9E48DCB9-B936-4C81-BB4C-F3EAA794A8E8}.Debug|x86.ActiveCfg = Debug|Win32
		{9E48DCB9-B936-4C81-BB4C-F3EAA794A8E8}.Debug|x86.Build.0 = Debug|Win32
		{9E48DCB9-B936-4C81-BB4C-F3EAA794A8E8}.Preview_Low|x64.ActiveCfg = Preview_Low|x64
		{9E48DCB9-B936-4C81-BB4C-F3EAA794A8E8}.Preview_Low|x64.Build.0 = Preview_Low|x64
		{9E48DCB9-B936-4C81-BB4C-F3EAA794A8E8}.Preview_Low|x86.ActiveCfg = Preview_Low|Win32
		{9E48DCB9-B936-4C81-BB4C-F3EAA794A8E8}.Preview_Low|x86.Build.0 = Preview_Low|Win32
		{9E48DCB9-B936-4C81-BB4C-F3EAA794A8E8}.Preview_Middle|x64.ActiveCfg = Preview_Middle|x64
		{9E48DCB9-B936-4C81-BB4C-F3EAA794A8E8}.Preview_Middle|x64.Build.0 = Preview_Middle|x64
		{9E48DCB9-B936-4C81-BB4C-F3EAA794A8E8}.Preview_Middle|x86.ActiveCfg = Preview_Middle|Win32
		{9E48DCB9-B936-4C81-BB4C-F3EAA794A8E8}.Preview_Middle|x86.Build.0 = Preview_Middle|Win32
		{9E48DCB9-B936-4C81-BB4C-F3EAA794A8E8}.Preview|x64.ActiveCfg = Preview|x64
		{9E48DCB9-B936-4C81-BB4C-F3EAA794A8E8}.Preview|x64.Build.0 = Preview|x64
		{9E48DCB9-B936-4C81-BB4C-F3EAA794A8E8}.Preview|x86.ActiveCfg = Preview|Win32
		{9E48DCB9-B936-4C81-BB4C-F3EAA794A8E8}.Preview|x86.Build.0 = Preview|Win32
		{9E48DCB9-B936-4C81-BB4C-F3EAA794A8E8}.Release_Low|x64.ActiveCfg = Release_Low|x64
		{9E48DCB9-B936-4C81-BB4C-F3EAA794A8E8}.Release_Low|x64.Build.0 = Release_Low|x64
		{9E48DCB9-B936-4C81-BB4C-F3EAA794A8E8}.Release_Low|x86.ActiveCfg = Release_Low|Win32
		{9E48DCB9-B936-4C81-BB4C-F3EAA794A8E8}.Release_Low|x86.Build.0 = Release_Low|Win32
		{9E48DCB9-B936-4C81-BB4C-F3EAA794A8E8}.Release_Middle|x64.ActiveCfg = Release_Middle|x64
		{9E48DCB9-B936-4C81-BB4C-F3EAA794A8E8}.Release_Middle|x64.Build.0 = Release_Middle|x64
		{9E48DCB9-B936-4C81-BB4C-F3EAA794A8E8}.Release_Middle|x86.ActiveCfg = Release_Middle|Win32
		{9E48DCB9-B936-4C81-BB4C-F3EAA794A8E8}.Release_Middle|x86.Build.0 = Release_Middle|Win32
		{9E48DCB9-B936-4C81-BB4C-F3EAA794A8E8}.Release|x64.ActiveCfg = Release|x64
		{9E48DCB9-B936-4C81-BB4C-F3EAA794A8E8}.Release|x64.Build.0 = Release|x64
		{9E48DCB9-B936-4C81-BB4C-F3EAA794A8E8}.Release|x86.ActiveCfg = Release|Win32
		{9E48DCB9-B936-4C81-BB4C-F3EAA794A8E8}.Release|x86.Build.0 = Release|Win32
		{E0B52AE7-E160-4D32-BF3F-910B785E5A8E}.Debug_Low|x64.ActiveCfg = Debug|x64
		{E0B52AE7-E160-4D32-BF3F-910B785E5A8E}.Debug_Low|x64.Build.0 = Debug|x64
		{E0B52AE7-E160-4D32-BF3F-910B785E5A8E}.Debug_Low|x86.ActiveCfg = Debug_Low|Win32
		{E0B52AE7-E160-4D32-BF3F-910B785E5A8E}.Debug_Low|x86.Build.0 = Debug_Low|Win32
		{E0B52AE7-E160-4D32-BF3F-910B785E5A8E}.Debug_Middle|x64.ActiveCfg = Debug|x64
		{E0B52AE7-E160-4D32-BF3F-910B785E5A8E}.Debug_Middle|x64.Build.0 = Debug|x64
		{E0B52AE7-E160-4D32-BF3F-910B785E5A8E}.Debug_Middle|x86.ActiveCfg = Debug_Middle|Win32
		{E0B52AE7-E160-4D32-BF3F-910B785E5A8E}.Debug_Middle|x86.Build.0 = Debug_Middle|Win32
		{E0B52AE7-E160-4D32-BF3F-910B785E5A8E}.Debug|x64.ActiveCfg = Debug|x64
		{E0B52AE7-E160-4D32-BF3F-910B785E5A8E}.Debug|x64.Build.0 = Debug|x64
		{E0B52AE7-E160-4D32-BF3F-910B785E5A8E}.Debug|x86.ActiveCfg = Debug|Win32
		{E0B52AE7-E160-4D32-BF3F-910B785E5A8E}.Debug|x86.Build.0 = Debug|Win32
		{E0B52AE7-E160-4D32-BF3F-910B785E5A8E}.Preview_Low|x64.ActiveCfg = Release|x64
		{E0B52AE7-E160-4D32-BF3F-910B785E5A8E}.Preview_Low|x64.Build.0 = Release|x64
		{E0B52AE7-E160-4D32-BF3F-910B785E5A8E}.Preview_Low|x86.ActiveCfg = Preview_Low|Win32
		{E0B52AE7-E160-4D32-BF3F-910B785E5A8E}.Preview_Low|x86.Build.0 = Preview_Low|Win32
		{E0B52AE7-E160-4D32-BF3F-910B785E5A8E}.Preview_Middle|x64.ActiveCfg = Release|x64
		{E0B52AE7-E160-4D32-BF3F-910B785E5A8E}.Preview_Middle|x64.Build.0 = Release|x64
		{E0B52AE7-E160-4D32-BF3F-910B785E5A8E}.Preview_Middle|x86.ActiveCfg = Preview_Middle|Win32
		{E0B52AE7-E160-4D32-BF3F-910B785E5A8E}.Preview_Middle|x86.Build.0 = Preview_Middle|Win32
		{E0B52AE7-E160-4D32-BF3F-910B785E5A8E}.Preview|x64.ActiveCfg = Release|x64
		{E0B52AE7-E160-4D32-BF3F-910B785E5A8E}.Preview|x64.Build.0 = Release|x64
		{E0B52AE7-E160-4D32-BF3F-910B785E5A8E}.Preview|x86.ActiveCfg = Preview|Win32
		{E0B52AE7-E160-4D32-BF3F-910B785E5A8E}.Preview|x86.Build.0 = Preview|Win32
		{E0B52AE7-E160-4D32-BF3F-910B785E5A8E}.Release_Low|x64.ActiveCfg = Release|x64
		{E0B52AE7-E160-4D32-BF3F-910B785E5A8E}.Release_Low|x64.Build.0 = Release|x64
		{E0B52AE7-E160-4D32-BF3F-910B785E5A8E}.Release_Low|x86.ActiveCfg = Release_Low|Win32
		{E0B52AE7-E160-4D32-BF3F-910B785E5A8E}.Release_Low|x86.Build.0 = Release_Low|Win32
		{E0B52AE7-E160-4D32-BF3F-910B785E5A8E}.Release_Middle|x64.ActiveCfg = Release|x64
		{E0B52AE7-E160-4D32-BF3F-910B785E5A8E}.Release_Middle|x64.Build.0 = Release|x64
		{E0B52AE7-E160-4D32-BF3F-910B785E5A8E}.Release_Middle|x86.ActiveCfg = Release_Middle|Win32
		{E0B52AE7-E160-4D32-BF3F-910B785E5A8E}.Release_Middle|x86.Build.0 = Release_Middle|Win32
		{E0B52AE7-E160-4D32-BF3F-910B785E5A8E}.Release|x64.ActiveCfg = Release|x64
		{E0B52AE7-E160-4D32-BF3F-910B785E5A8E}.Release|x64.Build.0 = Release|x64
		{E0B52AE7-E160-4D32-BF3F-910B785E5A8E}.Release|x86.ActiveCfg = Release|Win32
		{E0B52AE7-E160-4D32-BF3F-910B785E5A8E}.Release|x86.Build.0 = Release|Win32
		{28EF574A-84DB-3CB0-9B45-DB3545B2D05C}.Debug_Low|x64.ActiveCfg = Debug|x64
		{28EF574A-84DB-3CB0-9B45-DB3545B2D05C}.Debug_Low|x64.Build.0 = Debug|x64
		{28EF574A-84DB-3CB0-9B45-DB3545B2D05C}.Debug_Low|x86.ActiveCfg = Debug_Low|Win32
		{28EF574A-84DB-3CB0-9B45-DB3545B2D05C}.Debug_Low|x86.Build.0 = Debug_Low|Win32
		{28EF574A-84DB-3CB0-9B45-DB3545B2D05C}.Debug_Middle|x64.ActiveCfg = Debug|x64
		{28EF574A-84DB-3CB0-9B45-DB3545B2D05C}.Debug_Middle|x64.Build.0 = Debug|x64
		{28EF574A-84DB-3CB0-9B45-DB3545B2D05C}.Debug_Middle|x86.ActiveCfg = Debug_Middle|Win32
		{28EF574A-84DB-3CB0-9B45-DB3545B2D05C}.Debug_Middle|x86.Build.0 = Debug_Middle|Win32
		{28EF574A-84DB-3CB0-9B45-DB3545B2D05C}.Debug|x64.ActiveCfg = Debug|x64
		{28EF574A-84DB-3CB0-9B45-DB3545B2D05C}.Debug|x64.Build.0 = Debug|x64
		{28EF574A-84DB-3CB0-9B45-DB3545B2D05C}.Debug|x86.ActiveCfg = Debug|Win32
		{28EF574A-84DB-3CB0-9B45-DB3545B2D05C}.Debug|x86.Build.0 = Debug|Win32
		{28EF574A-84DB-3CB0-9B45-DB3545B2D05C}.Preview_Low|x64.ActiveCfg = Release|x64
		{28EF574A-84DB-3CB0-9B45-DB3545B2D05C}.Preview_Low|x64.Build.0 = Release|x64
		{28EF574A-84DB-3CB0-9B45-DB3545B2D05C}.Preview_Low|x86.ActiveCfg = Preview_Low|Win32
		{28EF574A-84DB-3CB0-9B45-DB3545B2D05C}.Preview_Low|x86.Build.0 = Preview_Low|Win32
		{28EF574A-84DB-3CB0-9B45-DB3545B2D05C}.Preview_Middle|x64.ActiveCfg = Release|x64
		{28EF574A-84DB-3CB0-9B45-DB3545B2D05C}.Preview_Middle|x64.Build.0 = Release|x64
		{28EF574A-84DB-3CB0-9B45-DB3545B2D05C}.Preview_Middle|x86.ActiveCfg = Preview_Middle|Win32
		{28EF574A-84DB-3CB0-9B45-DB3545B2D05C}.Preview_Middle|x86.Build.0 = Preview_Middle|Win32
		{28EF574A-84DB-3CB0-9B45-DB3545B2D05C}.Preview|x64.ActiveCfg = Release|x64
		{28EF574A-84DB-3CB0-9B45-DB3545B2D05C}.Preview|x64.Build.0 = Release|x64
		{28EF574A-84DB-3CB0-9B45-DB3545B2D05C}.Preview|x86.ActiveCfg = Preview|Win32
		{28EF574A-84DB-3CB0-9B45-DB3545B2D05C}.Preview|x86.Build.0 = Preview|Win32
		{28EF574A-84DB-3CB0-9B45-DB3545B2D05C}.Release_Low|x64.ActiveCfg = Release|x64
		{28EF574A-84DB-3CB0-9B45-DB3545B2D05C}.Release_Low|x64.Build.0 = Release|x64
		{28EF574A-84DB-3CB0-9B45-DB3545B2D05C}.Release_Low|x86.ActiveCfg = Release_Low|Win32
		{28EF574A-84DB-3CB0-9B45-DB3545B2D05C}.Release_Low|x86.Build.0 = Release_Low|Win32
		{28EF574A-84DB-3CB0-9B45-DB3545B2D05C}.Release_Middle|x64.ActiveCfg = Release|x64
		{28EF574A-84DB-3CB0-9B45-DB3545B2D05C}.Release_Middle|x64.Build.0 = Release|x64
		{28EF574A-84DB-3CB0-9B45-DB3545B2D05C}.Release_Middle|x86.ActiveCfg = Release_Middle|Win32
		{28EF574A-84DB-3CB0-9B45-DB3545B2D05C}.Release_Middle|x86.Build.0 = Release_Middle|Win32
		{28EF574A-84DB-3CB0-9B45-DB3545B2D05C}.Release|x64.ActiveCfg = Release|x64
		{28EF574A-84DB-3CB0-9B45-DB3545B2D05C}.Release|x64.Build.0 = Release|x64
		{28EF574A-84DB-3CB0-9B45-DB3545B2D05C}.Release|x86.ActiveCfg = Release|Win32
		{28EF574A-84DB-3CB0-9B45-DB3545B2D05C}.Release|x86.Build.0 = Release|Win32
		{9BF1ADF3-EB57-35E8-B156-ADE8FFC7E2F0}.Debug_Low|x64.ActiveCfg = Debug|x64
		{9BF1ADF3-EB57-35E8-B156-ADE8FFC7E2F0}.Debug_Low|x64.Build.0 = Debug|x64
		{9BF1ADF3-EB57-35E8-B156-ADE8FFC7E2F0}.Debug_Low|x86.ActiveCfg = Debug_Low|Win32
		{9BF1ADF3-EB57-35E8-B156-ADE8FFC7E2F0}.Debug_Low|x86.Build.0 = Debug_Low|Win32
		{9BF1ADF3-EB57-35E8-B156-ADE8FFC7E2F0}.Debug_Middle|x64.ActiveCfg = Debug|x64
		{9BF1ADF3-EB57-35E8-B156-ADE8FFC7E2F0}.Debug_Middle|x64.Build.0 = Debug|x64
		{9BF1ADF3-EB57-35E8-B156-ADE8FFC7E2F0}.Debug_Middle|x86.ActiveCfg = Debug_Middle|Win32
		{9BF1ADF3-EB57-35E8-B156-ADE8FFC7E2F0}.Debug_Middle|x86.Build.0 = Debug_Middle|Win32
		{9BF1ADF3-EB57-35E8-B156-ADE8FFC7E2F0}.Debug|x64.ActiveCfg = Debug|x64
		{9BF1ADF3-EB57-35E8-B156-ADE8FFC7E2F0}.Debug|x64.Build.0 = Debug|x64
		{9BF1ADF3-EB57-35E8-B156-ADE8FFC7E2F0}.Debug|x86.ActiveCfg = Debug|Win32
		{9BF1ADF3-EB57-35E8-B156-ADE8FFC7E2F0}.Debug|x86.Build.0 = Debug|Win32
		{9BF1ADF3-EB57-35E8-B156-ADE8FFC7E2F0}.Preview_Low|x64.ActiveCfg = Release|x64
		{9BF1ADF3-EB57-35E8-B156-ADE8FFC7E2F0}.Preview_Low|x64.Build.0 = Release|x64
		{9BF1ADF3-EB57-35E8-B156-ADE8FFC7E2F0}.Preview_Low|x86.ActiveCfg = Preview_Low|Win32
		{9BF1ADF3-EB57-35E8-B156-ADE8FFC7E2F0}.Preview_Low|x86.Build.0 = Preview_Low|Win32
		{9BF1ADF3-EB57-35E8-B156-ADE8FFC7E2F0}.Preview_Middle|x64.ActiveCfg = Release|x64
		{9BF1ADF3-EB57-35E8-B156-ADE8FFC7E2F0}.Preview_Middle|x64.Build.0 = Release|x64
		{9BF1ADF3-EB57-35E8-B156-ADE8FFC7E2F0}.Preview_Middle|x86.ActiveCfg = Preview_Middle|Win32
		{9BF1ADF3-EB57-35E8-B156-ADE8FFC7E2F0}.Preview_Middle|x86.Build.0 = Preview_Middle|Win32
		{9BF1ADF3-EB57-35E8-B156-ADE8FFC7E2F0}.Preview|x64.ActiveCfg = Release|x64
		{9BF1ADF3-EB57-35E8-B156-ADE8FFC7E2F0}.Preview|x64.Build.0 = Release|x64
		{9BF1ADF3-EB57-35E8-B156-ADE8FFC7E2F0}.Preview|x86.ActiveCfg = Preview|Win32
		{9BF1ADF3-EB57-35E8-B156-ADE8FFC7E2F0}.Preview|x86.Build.0 = Preview|Win32
		{9BF1ADF3-EB57-35E8-B156-ADE8FFC7E2F0}.Release_Low|x64.ActiveCfg = Release|x64
		{9BF1ADF3-EB57-35E8-B156-ADE8FFC7E2F0}.Release_Low|x64.Build.0 = Release|x64
		{9BF1ADF3-EB57-35E8-B156-ADE8FFC7E2F0}.Release_Low|x86.ActiveCfg = Release_Low|Win32
		{9BF1ADF3-EB57-35E8-B156-ADE8FFC7E2F0}.Release_Low|x86.Build.0 = Release_Low|Win32
		{9BF1ADF3-EB57-35E8-B156-ADE8FFC7E2F0}.Release_Middle|x64.ActiveCfg = Release|x64
		{9BF1ADF3-EB57-35E8-B156-ADE8FFC7E2F0}.Release_Middle|x64.Build.0 = Release|x64
		{9BF1ADF3-EB57-35E8-B156-ADE8FFC7E2F0}.Release_Middle|x86.ActiveCfg = Release_Middle|Win32
		{9BF1ADF3-EB57-35E8-B156-ADE8FFC7E2F0}.Release_Middle|x86.Build.0 = Release_Middle|Win32
		{9BF1ADF3-EB57-35E8-B156-ADE8FFC7E2F0}.Release|x64.ActiveCfg = Release|x64
		{9BF1ADF3-EB57-35E8-B156-ADE8FFC7E2F0}.Release|x64.Build.0 = Release|x64
		{9BF1ADF3-EB57-35E8-B156-ADE8FFC7E2F0}.Release|x86.ActiveCfg = Release|Win32
		{9BF1ADF3-EB57-35E8-B156-ADE8FFC7E2F0}.Release|x86.Build.0 = Release|Win32
		{4DCE52A5-106C-3D94-815D-C8EBC6133B5E}.Debug_Low|x64.ActiveCfg = Debug|x64
		{4DCE52A5-106C-3D94-815D-C8EBC6133B5E}.Debug_Low|x64.Build.0 = Debug|x64
		{4DCE52A5-106C-3D94-815D-C8EBC6133B5E}.Debug_Low|x86.ActiveCfg = Debug_Low|Win32
		{4DCE52A5-106C-3D94-815D-C8EBC6133B5E}.Debug_Low|x86.Build.0 = Debug_Low|Win32
		{4DCE52A5-106C-3D94-815D-C8EBC6133B5E}.Debug_Middle|x64.ActiveCfg = Debug|x64
		{4DCE52A5-106C-3D94-815D-C8EBC6133B5E}.Debug_Middle|x64.Build.0 = Debug|x64
		{4DCE52A5-106C-3D94-815D-C8EBC6133B5E}.Debug_Middle|x86.ActiveCfg = Debug_Middle|Win32
		{4DCE52A5-106C-3D94-815D-C8EBC6133B5E}.Debug_Middle|x86.Build.0 = Debug_Middle|Win32
		{4DCE52A5-106C-3D94-815D-C8EBC6133B5E}.Debug|x64.ActiveCfg = Debug|x64
		{4DCE52A5-106C-3D94-815D-C8EBC6133B5E}.Debug|x64.Build.0 = Debug|x64
		{4DCE52A5-106C-3D94-815D-C8EBC6133B5E}.Debug|x86.ActiveCfg = Debug|Win32
		{4DCE52A5-106C-3D94-815D-C8EBC6133B5E}.Debug|x86.Build.0 = Debug|Win32
		{4DCE52A5-106C-3D94-815D-C8EBC6133B5E}.Preview_Low|x64.ActiveCfg = Release|x64
		{4DCE52A5-106C-3D94-815D-C8EBC6133B5E}.Preview_Low|x64.Build.0 = Release|x64
		{4DCE52A5-106C-3D94-815D-C8EBC6133B5E}.Preview_Low|x86.ActiveCfg = Preview_Low|Win32
		{4DCE52A5-106C-3D94-815D-C8EBC6133B5E}.Preview_Low|x86.Build.0 = Preview_Low|Win32
		{4DCE52A5-106C-3D94-815D-C8EBC6133B5E}.Preview_Middle|x64.ActiveCfg = Release|x64
		{4DCE52A5-106C-3D94-815D-C8EBC6133B5E}.Preview_Middle|x64.Build.0 = Release|x64
		{4DCE52A5-106C-3D94-815D-C8EBC6133B5E}.Preview_Middle|x86.ActiveCfg = Preview_Middle|Win32
		{4DCE52A5-106C-3D94-815D-C8EBC6133B5E}.Preview_Middle|x86.Build.0 = Preview_Middle|Win32
		{4DCE52A5-106C-3D94-815D-C8EBC6133B5E}.Preview|x64.ActiveCfg = Release|x64
		{4DCE52A5-106C-3D94-815D-C8EBC6133B5E}.Preview|x64.Build.0 = Release|x64
		{4DCE52A5-106C-3D94-815D-C8EBC6133B5E}.Preview|x86.ActiveCfg = Preview|Win32
		{4DCE52A5-106C-3D94-815D-C8EBC6133B5E}.Preview|x86.Build.0 = Preview|Win32
		{4DCE52A5-106C-3D94-815D-C8EBC6133B5E}.Release_Low|x64.ActiveCfg = Release|x64
		{4DCE52A5-106C-3D94-815D-C8EBC6133B5E}.Release_Low|x64.Build.0 = Release|x64
		{4DCE52A5-106C-3D94-815D-C8EBC6133B5E}.Release_Low|x86.ActiveCfg = Release_Low|Win32
		{4DCE52A5-106C-3D94-815D-C8EBC6133B5E}.Release_Low|x86.Build.0 = Release_Low|Win32
		{4DCE52A5-106C-3D94-815D-C8EBC6133B5E}.Release_Middle|x64.ActiveCfg = Release|x64
		{4DCE52A5-106C-3D94-815D-C8EBC6133B5E}.Release_Middle|x64.Build.0 = Release|x64
		{4DCE52A5-106C-3D94-815D-C8EBC6133B5E}.Release_Middle|x86.ActiveCfg = Release_Middle|Win32
		{4DCE52A5-106C-3D94-815D-C8EBC6133B5E}.Release_Middle|x86.Build.0 = Release_Middle|Win32
		{4DCE52A5-106C-3D94-815D-C8EBC6133B5E}.Release|x64.ActiveCfg = Release|x64
		{4DCE52A5-106C-3D94-815D-C8EBC6133B5E}.Release|x64.Build.0 = Release|x64
		{4DCE52A5-106C-3D94-815D-C8EBC6133B5E}.Release|x86.ActiveCfg = Release|Win32
		{4DCE52A5-106C-3D94-815D-C8EBC6133B5E}.Release|x86.Build.0 = Release|Win32
		{91E36741-5DFC-46E3-A7F3-28A67FD637C8}.Debug_Low|x64.ActiveCfg = Debug|x64
		{91E36741-5DFC-46E3-A7F3-28A67FD637C8}.Debug_Low|x64.Build.0 = Debug|x64
		{91E36741-5DFC-46E3-A7F3-28A67FD637C8}.Debug_Low|x86.ActiveCfg = Debug_Low|Win32
		{91E36741-5DFC-46E3-A7F3-28A67FD637C8}.Debug_Low|x86.Build.0 = Debug_Low|Win32
		{91E36741-5DFC-46E3-A7F3-28A67FD637C8}.Debug_Middle|x64.ActiveCfg = Debug|x64
		{91E36741-5DFC-46E3-A7F3-28A67FD637C8}.Debug_Middle|x64.Build.0 = Debug|x64
		{91E36741-5DFC-46E3-A7F3-28A67FD637C8}.Debug_Middle|x86.ActiveCfg = Debug_Middle|Win32
		{91E36741-5DFC-46E3-A7F3-28A67FD637C8}.Debug_Middle|x86.Build.0 = Debug_Middle|Win32
		{91E36741-5DFC-46E3-A7F3-28A67FD637C8}.Debug|x64.ActiveCfg = Debug|x64
		{91E36741-5DFC-46E3-A7F3-28A67FD637C8}.Debug|x64.Build.0 = Debug|x64
		{91E36741-5DFC-46E3-A7F3-28A67FD637C8}.Debug|x86.ActiveCfg = Debug|Win32
		{91E36741-5DFC-46E3-A7F3-28A67FD637C8}.Debug|x86.Build.0 = Debug|Win32
		{91E36741-5DFC-46E3-A7F3-28A67FD637C8}.Preview_Low|x64.ActiveCfg = Release|x64
		{91E36741-5DFC-46E3-A7F3-28A67FD637C8}.Preview_Low|x64.Build.0 = Release|x64
		{91E36741-5DFC-46E3-A7F3-28A67FD637C8}.Preview_Low|x86.ActiveCfg = Preview_Low|Win32
		{91E36741-5DFC-46E3-A7F3-28A67FD637C8}.Preview_Low|x86.Build.0 = Preview_Low|Win32
		{91E36741-5DFC-46E3-A7F3-28A67FD637C8}.Preview_Middle|x64.ActiveCfg = Release|x64
		{91E36741-5DFC-46E3-A7F3-28A67FD637C8}.Preview_Middle|x64.Build.0 = Release|x64
		{91E36741-5DFC-46E3-A7F3-28A67FD637C8}.Preview_Middle|x86.ActiveCfg = Preview_Middle|Win32
		{91E36741-5DFC-46E3-A7F3-28A67FD637C8}.Preview_Middle|x86.Build.0 = Preview_Middle|Win32
		{91E36741-5DFC-46E3-A7F3-28A67FD637C8}.Preview|x64.ActiveCfg = Release|x64
		{91E36741-5DFC-46E3-A7F3-28A67FD637C8}.Preview|x64.Build.0 = Release|x64
		{91E36741-5DFC-46E3-A7F3-28A67FD637C8}.Preview|x86.ActiveCfg = Preview_Low|Win32
		{91E36741-5DFC-46E3-A7F3-28A67FD637C8}.Preview|x86.Build.0 = Preview_Low|Win32
		{91E36741-5DFC-46E3-A7F3-28A67FD637C8}.Release_Low|x64.ActiveCfg = Release|x64
		{91E36741-5DFC-46E3-A7F3-28A67FD637C8}.Release_Low|x64.Build.0 = Release|x64
		{91E36741-5DFC-46E3-A7F3-28A67FD637C8}.Release_Low|x86.ActiveCfg = Release_Low|Win32
		{91E36741-5DFC-46E3-A7F3-28A67FD637C8}.Release_Low|x86.Build.0 = Release_Low|Win32
		{91E36741-5DFC-46E3-A7F3-28A67FD637C8}.Release_Middle|x64.ActiveCfg = Release|x64
		{91E36741-5DFC-46E3-A7F3-28A67FD637C8}.Release_Middle|x64.Build.0 = Release|x64
		{91E36741-5DFC-46E3-A7F3-28A67FD637C8}.Release_Middle|x86.ActiveCfg = Release_Middle|Win32
		{91E36741-5DFC-46E3-A7F3-28A67FD637C8}.Release_Middle|x86.Build.0 = Release_Middle|Win32
		{91E36741-5DFC-46E3-A7F3-28A67FD637C8}.Release|x64.ActiveCfg = Release|x64
		{91E36741-5DFC-46E3-A7F3-28A67FD637C8}.Release|x64.Build.0 = Release|x64
		{91E36741-5DFC-46E3-A7F3-28A67FD637C8}.Release|x86.ActiveCfg = Release|Win32
		{91E36741-5DFC-46E3-A7F3-28A67FD637C8}.Release|x86.Build.0 = Release|Win32
		{4E7A02CF-51F7-414B-9874-A34116D2B43C}.Debug_Low|x64.ActiveCfg = Debug|x64
		{4E7A02CF-51F7-414B-9874-A34116D2B43C}.Debug_Low|x64.Build.0 = Debug|x64
		{4E7A02CF-51F7-414B-9874-A34116D2B43C}.Debug_Low|x86.ActiveCfg = Debug_Low|Win32
		{4E7A02CF-51F7-414B-9874-A34116D2B43C}.Debug_Low|x86.Build.0 = Debug_Low|Win32
		{4E7A02CF-51F7-414B-9874-A34116D2B43C}.Debug_Middle|x64.ActiveCfg = Debug|x64
		{4E7A02CF-51F7-414B-9874-A34116D2B43C}.Debug_Middle|x64.Build.0 = Debug|x64
		{4E7A02CF-51F7-414B-9874-A34116D2B43C}.Debug_Middle|x86.ActiveCfg = Debug_Middle|Win32
		{4E7A02CF-51F7-414B-9874-A34116D2B43C}.Debug_Middle|x86.Build.0 = Debug_Middle|Win32
		{4E7A02CF-51F7-414B-9874-A34116D2B43C}.Debug|x64.ActiveCfg = Debug|x64
		{4E7A02CF-51F7-414B-9874-A34116D2B43C}.Debug|x64.Build.0 = Debug|x64
		{4E7A02CF-51F7-414B-9874-A34116D2B43C}.Debug|x86.ActiveCfg = Debug|Win32
		{4E7A02CF-51F7-414B-9874-A34116D2B43C}.Debug|x86.Build.0 = Debug|Win32
		{4E7A02CF-51F7-414B-9874-A34116D2B43C}.Preview_Low|x64.ActiveCfg = Release|x64
		{4E7A02CF-51F7-414B-9874-A34116D2B43C}.Preview_Low|x64.Build.0 = Release|x64
		{4E7A02CF-51F7-414B-9874-A34116D2B43C}.Preview_Low|x86.ActiveCfg = Preview_Low|Win32
		{4E7A02CF-51F7-414B-9874-A34116D2B43C}.Preview_Low|x86.Build.0 = Preview_Low|Win32
		{4E7A02CF-51F7-414B-9874-A34116D2B43C}.Preview_Middle|x64.ActiveCfg = Release|x64
		{4E7A02CF-51F7-414B-9874-A34116D2B43C}.Preview_Middle|x64.Build.0 = Release|x64
		{4E7A02CF-51F7-414B-9874-A34116D2B43C}.Preview_Middle|x86.ActiveCfg = Preview_Middle|Win32
		{4E7A02CF-51F7-414B-9874-A34116D2B43C}.Preview_Middle|x86.Build.0 = Preview_Middle|Win32
		{4E7A02CF-51F7-414B-9874-A34116D2B43C}.Preview|x64.ActiveCfg = Release|x64
		{4E7A02CF-51F7-414B-9874-A34116D2B43C}.Preview|x64.Build.0 = Release|x64
		{4E7A02CF-51F7-414B-9874-A34116D2B43C}.Preview|x86.ActiveCfg = Preview_Low|Win32
		{4E7A02CF-51F7-414B-9874-A34116D2B43C}.Preview|x86.Build.0 = Preview_Low|Win32
		{4E7A02CF-51F7-414B-9874-A34116D2B43C}.Release_Low|x64.ActiveCfg = Release|x64
		{4E7A02CF-51F7-414B-9874-A34116D2B43C}.Release_Low|x64.Build.0 = Release|x64
		{4E7A02CF-51F7-414B-9874-A34116D2B43C}.Release_Low|x86.ActiveCfg = Release_Low|Win32
		{4E7A02CF-51F7-414B-9874-A34116D2B43C}.Release_Low|x86.Build.0 = Release_Low|Win32
		{4E7A02CF-51F7-414B-9874-A34116D2B43C}.Release_Middle|x64.ActiveCfg = Release|x64
		{4E7A02CF-51F7-414B-9874-A34116D2B43C}.Release_Middle|x64.Build.0 = Release|x64
		{4E7A02CF-51F7-414B-9874-A34116D2B43C}.Release_Middle|x86.ActiveCfg = Release_Middle|Win32
		{4E7A02CF-51F7-414B-9874-A34116D2B43C}.Release_Middle|x86.Build.0 = Release_Middle|Win32
		{4E7A02CF-51F7-414B-9874-A34116D2B43C}.Release|x64.ActiveCfg = Release|x64
		{4E7A02CF-51F7-414B-9874-A34116D2B43C}.Release|x64.Build.0 = Release|x64
		{4E7A02CF-51F7-414B-9874-A34116D2B43C}.Release|x86.ActiveCfg = Release|Win32
		{4E7A02CF-51F7-414B-9874-A34116D2B43C}.Release|x86.Build.0 = Release|Win32
	EndGlobalSection
	GlobalSection(SolutionProperties) = preSolution
		HideSolutionNode = FALSE
	EndGlobalSection
	GlobalSection(NestedProjects) = preSolution
		{E0B52AE7-E160-4D32-BF3F-910B785E5A8E} = {D716790C-2705-4A58-9730-194B07A08649}
		{28EF574A-84DB-3CB0-9B45-DB3545B2D05C} = {D716790C-2705-4A58-9730-194B07A08649}
		{9BF1ADF3-EB57-35E8-B156-ADE8FFC7E2F0} = {D716790C-2705-4A58-9730-194B07A08649}
		{4DCE52A5-106C-3D94-815D-C8EBC6133B5E} = {D716790C-2705-4A58-9730-194B07A08649}
		{91E36741-5DFC-46E3-A7F3-28A67FD637C8} = {D716790C-2705-4A58-9730-194B07A08649}
		{4E7A02CF-51F7-414B-9874-A34116D2B43C} = {D716790C-2705-4A58-9730-194B07A08649}
	EndGlobalSection
	GlobalSection(ExtensibilityGlobals) = postSolution
		SolutionGuid = {09844AF9-EE2D-4562-B863-045A6E0F3E41}
	EndGlobalSection
EndGlobal
