<?xml version="1.0" encoding="utf-8"?>
<Project ToolsVersion="4.0" xmlns:atg="http://atg.xbox.com" xmlns="http://schemas.microsoft.com/developer/msbuild/2003">
  <ItemGroup>
    <Filter Include="Assets">
      <UniqueIdentifier>{ed0b04a6-fecd-4a2c-a462-59a8f4639f36}</UniqueIdentifier>
    </Filter>
    <Filter Include="Resource Files">
      <UniqueIdentifier>{8e114980-c1a3-4ada-ad7c-83caadf5daeb}</UniqueIdentifier>
      <Extensions>rc;ico;cur;bmp;dlg;rc2;rct;bin;rgs;gif;jpg;jpeg;jpe</Extensions>
    </Filter>
    <Filter Include="Assets\modelData">
      <UniqueIdentifier>{06086914-6aa4-4cad-9b07-6f9d357f04df}</UniqueIdentifier>
    </Filter>
    <Filter Include="Assets\sprite">
      <UniqueIdentifier>{a6ce300a-b532-440d-b914-b4661d3015ad}</UniqueIdentifier>
    </Filter>
    <Filter Include="other">
      <UniqueIdentifier>{8c106a6a-b65a-4755-afd0-5f58197dc931}</UniqueIdentifier>
    </Filter>
  </ItemGroup>
  <ItemGroup>
    <ClCompile Include="AIAvator.cpp">
      <Filter>other</Filter>
    </ClCompile>
    <ClCompile Include="BattleHud.cpp">
      <Filter>other</Filter>
    </ClCompile>
    <ClCompile Include="Enemy.cpp">
      <Filter>other</Filter>
    </ClCompile>
    <ClCompile Include="Game.cpp">
      <Filter>other</Filter>
    </ClCompile>
    <ClCompile Include="IAICommand.cpp">
      <Filter>other</Filter>
    </ClCompile>
    <ClCompile Include="main.cpp">
      <Filter>other</Filter>
    </ClCompile>
    <ClCompile Include="Ryukishi.cpp">
      <Filter>other</Filter>
    </ClCompile>
    <ClCompile Include="Senshi.cpp">
      <Filter>other</Filter>
    </ClCompile>
    <ClCompile Include="Shiromadoushi.cpp">
      <Filter>other</Filter>
    </ClCompile>
    <ClCompile Include="stdafx.cpp">
      <Filter>other</Filter>
    </ClCompile>
    <ClCompile Include="ShiromadousiAI.cpp" />
  </ItemGroup>
  <ItemGroup>
    <CLInclude Include="resource.h">
      <Filter>Resource Files</Filter>
    </CLInclude>
    <ClInclude Include="AIAvator.h">
      <Filter>other</Filter>
    </ClInclude>
    <ClInclude Include="BattleHud.h">
      <Filter>other</Filter>
    </ClInclude>
    <ClInclude Include="Enemy.h">
      <Filter>other</Filter>
    </ClInclude>
    <ClInclude Include="Game.h">
      <Filter>other</Filter>
    </ClInclude>
    <ClInclude Include="IAICommand.h">
      <Filter>other</Filter>
    </ClInclude>
    <ClInclude Include="Ryukishi.h">
      <Filter>other</Filter>
    </ClInclude>
    <ClInclude Include="Senshi.h">
      <Filter>other</Filter>
    </ClInclude>
    <ClInclude Include="Shiromadoushi.h">
      <Filter>other</Filter>
    </ClInclude>
    <ClInclude Include="stdafx.h">
      <Filter>other</Filter>
    </ClInclude>
    <ClInclude Include="Omajinai.h" />
  </ItemGroup>
  <ItemGroup>
    <ResourceCompile Include="Game.rc">
      <Filter>Resource Files</Filter>
    </ResourceCompile>
  </ItemGroup>
  <ItemGroup>
    <ImageContentTask Include="Assets\sprite\dummy.png">
      <Filter>Assets\sprite</Filter>
    </ImageContentTask>
    <ImageContentTask Include="Assets\modelData\Player\Thethief_N.tga">
      <Filter>Assets\modelData</Filter>
    </ImageContentTask>
    <ImageContentTask Include="Assets\modelData\Player\Thethief_S.tga">
      <Filter>Assets\modelData</Filter>
    </ImageContentTask>
    <ImageContentTask Include="Assets\modelData\Player\Thethief_wuqi_N.tga">
      <Filter>Assets\modelData</Filter>
    </ImageContentTask>
    <ImageContentTask Include="Assets\modelData\Player\Thethief_wuqi_S.tga">
      <Filter>Assets\modelData</Filter>
    </ImageContentTask>
    <ImageContentTask Include="Assets\sprite\SSR.png">
      <Filter>Assets\sprite</Filter>
    </ImageContentTask>
    <ImageContentTask Include="Assets\sprite\battleMessageWindow.png">
      <Filter>Assets\sprite</Filter>
    </ImageContentTask>
    <ImageContentTask Include="Assets\sprite\battleCommanSelectWindow.png">
      <Filter>Assets\sprite</Filter>
    </ImageContentTask>
    <ImageContentTask Include="Assets\modelData\enemy\enemy_00_s.png">
      <Filter>Assets\modelData</Filter>
    </ImageContentTask>
    <ImageContentTask Include="Assets\modelData\test.png">
      <Filter>other</Filter>
    </ImageContentTask>
  </ItemGroup>
  <ItemGroup>
    <MeshContentTask Include="Assets\modelData\Player\Thethief_H.FBX">
      <Filter>Assets\modelData</Filter>
    </MeshContentTask>
    <MeshContentTask Include="Assets\modelData\bg\background.FBX">
      <Filter>Assets\modelData</Filter>
    </MeshContentTask>
    <MeshContentTask Include="Assets\modelData\enemy\enemy_00.FBX">
      <Filter>Assets\modelData</Filter>
    </MeshContentTask>
  </ItemGroup>
</Project>