<?xml version="1.0" encoding="utf-8"?>
<Project ToolsVersion="4.0" xmlns:atg="http://atg.xbox.com" xmlns="http://schemas.microsoft.com/developer/msbuild/2003">
  <ItemGroup>
    <Filter Include="Assets">
      <UniqueIdentifier>{ed0b04a6-fecd-4a2c-a462-59a8f4639f36}</UniqueIdentifier>
    </Filter>
    <Filter Include="Resource Files">
      <UniqueIdentifier>{8e114980-c1a3-4ada-ad7c-83caadf5daeb}</UniqueIdentifier>
      <Extensions>rc;ico;cur;bmp;dlg;rc2;rct;bin;rgs;gif;jpg;jpeg;jpe</Extensions>
    </Filter>
    <Filter Include="Assets\modelData">
      <UniqueIdentifier>{06086914-6aa4-4cad-9b07-6f9d357f04df}</UniqueIdentifier>
    </Filter>
    <Filter Include="Assets\sprite">
      <UniqueIdentifier>{a6ce300a-b532-440d-b914-b4661d3015ad}</UniqueIdentifier>
    </Filter>
    <Filter Include="Assets\modelData\bg">
      <UniqueIdentifier>{c60fb078-b66d-4806-80ff-f2cff9569304}</UniqueIdentifier>
    </Filter>
    <Filter Include="Assets\modelData\star">
      <UniqueIdentifier>{3063a24d-9f32-419b-a8ea-23d3f5978b94}</UniqueIdentifier>
    </Filter>
  </ItemGroup>
  <ItemGroup>
    <ClCompile Include="main.cpp" />
    <ClCompile Include="stdafx.cpp" />
    <ClCompile Include="Game.cpp" />
    <ClCompile Include="ground.cpp" />
    <ClCompile Include="Player.cpp" />
    <ClCompile Include="GameCamera.cpp" />
    <ClCompile Include="StarGenerator.cpp" />
    <ClCompile Include="Star.cpp" />
    <ClCompile Include="ScoreHUD.cpp" />
    <ClCompile Include="TimerHUD.cpp" />
    <ClCompile Include="Title.cpp" />
    <ClCompile Include="Sky.cpp" />
  </ItemGroup>
  <ItemGroup>
    <CLInclude Include="resource.h">
      <Filter>Resource Files</Filter>
    </CLInclude>
    <ClInclude Include="stdafx.h" />
    <ClInclude Include="Game.h" />
    <ClInclude Include="ground.h" />
    <ClInclude Include="Player.h" />
    <ClInclude Include="GameCamera.h" />
    <ClInclude Include="GameObjectName.h" />
    <ClInclude Include="Star.h" />
    <ClInclude Include="StarGenerator.h" />
    <ClInclude Include="ScoreHUD.h" />
    <ClInclude Include="TimerHUD.h" />
    <ClInclude Include="Title.h" />
    <ClInclude Include="Sky.h" />
  </ItemGroup>
  <ItemGroup>
    <ResourceCompile Include="Game.rc">
      <Filter>Resource Files</Filter>
    </ResourceCompile>
  </ItemGroup>
  <ItemGroup>
    <MeshContentTask Include="Assets\modelData\unityChan.fbx">
      <Filter>Assets\modelData</Filter>
    </MeshContentTask>
    <MeshContentTask Include="Assets\modelData\bg\bg.fbx">
      <Filter>Assets\modelData\bg</Filter>
    </MeshContentTask>
    <MeshContentTask Include="Assets\modelData\star\star.FBX">
      <Filter>Assets\modelData\star</Filter>
    </MeshContentTask>
    <MeshContentTask Include="Assets\modelData\sky.fbx">
      <Filter>Assets\modelData</Filter>
    </MeshContentTask>
  </ItemGroup>
  <ItemGroup>
    <ImageContentTask Include="Assets\sprite\dummy.png">
      <Filter>Assets\sprite</Filter>
    </ImageContentTask>
    <ImageContentTask Include="Assets\modelData\bg\bgSpec.png" />
    <ImageContentTask Include="Assets\sprite\title.png" />
  </ItemGroup>
</Project>