<?xml version="1.0" encoding="utf-8"?>
<Project ToolsVersion="4.0" xmlns:atg="http://atg.xbox.com" xmlns="http://schemas.microsoft.com/developer/msbuild/2003">
  <ItemGroup>
    <Filter Include="Assets">
      <UniqueIdentifier>{ed0b04a6-fecd-4a2c-a462-59a8f4639f36}</UniqueIdentifier>
    </Filter>
    <Filter Include="Resource Files">
      <UniqueIdentifier>{8e114980-c1a3-4ada-ad7c-83caadf5daeb}</UniqueIdentifier>
      <Extensions>rc;ico;cur;bmp;dlg;rc2;rct;bin;rgs;gif;jpg;jpeg;jpe</Extensions>
    </Filter>
    <Filter Include="Assets\modelData">
      <UniqueIdentifier>{06086914-6aa4-4cad-9b07-6f9d357f04df}</UniqueIdentifier>
    </Filter>
    <Filter Include="Assets\sprite">
      <UniqueIdentifier>{a6ce300a-b532-440d-b914-b4661d3015ad}</UniqueIdentifier>
    </Filter>
  </ItemGroup>
  <ItemGroup>
    <ClCompile Include="main.cpp" />
    <ClCompile Include="stdafx.cpp" />
    <ClCompile Include="Game.cpp" />
    <ClCompile Include="Player.cpp" />
    <ClCompile Include="Background.cpp" />
    <ClCompile Include="GameCamera.cpp" />
    <ClCompile Include="Enemy.cpp" />
    <ClCompile Include="Path.cpp" />
    <ClCompile Include="EnemyPathMoveLoop.cpp" />
    <ClCompile Include="GameOverControl.cpp" />
    <ClCompile Include="GameOverCamera.cpp" />
    <ClCompile Include="star.cpp" />
    <ClCompile Include="GameClearControl.cpp" />
    <ClCompile Include="GameClearCamera.cpp" />
    <ClCompile Include="StarRenderer.cpp" />
    <ClCompile Include="PlayerSilhouette.cpp" />
    <ClCompile Include="Title.cpp" />
    <ClCompile Include="Fade.cpp" />
  </ItemGroup>
  <ItemGroup>
    <CLInclude Include="resource.h">
      <Filter>Resource Files</Filter>
    </CLInclude>
    <ClInclude Include="stdafx.h" />
    <ClInclude Include="Game.h" />
    <ClInclude Include="Player.h" />
    <ClInclude Include="Background.h" />
    <ClInclude Include="GameCamera.h" />
    <ClInclude Include="Enemy.h" />
    <ClInclude Include="Path.h" />
    <ClInclude Include="EnemyPathMoveLoop.h" />
    <ClInclude Include="GameOverControl.h" />
    <ClInclude Include="GameOverCamera.h" />
    <ClInclude Include="star.h" />
    <ClInclude Include="GameClearControl.h" />
    <ClInclude Include="GameClearCamera.h" />
    <ClInclude Include="StarRenderer.h" />
    <ClInclude Include="PlayerSilhouette.h" />
    <ClInclude Include="Title.h" />
    <ClInclude Include="Fade.h" />
  </ItemGroup>
  <ItemGroup>
    <ResourceCompile Include="Game.rc">
      <Filter>Resource Files</Filter>
    </ResourceCompile>
  </ItemGroup>
  <ItemGroup>
    <MeshContentTask Include="Assets\modelData\unityChan.fbx">
      <Filter>Assets\modelData</Filter>
    </MeshContentTask>
    <MeshContentTask Include="Assets\modelData\background.FBX">
      <Filter>Assets\modelData</Filter>
    </MeshContentTask>
    <MeshContentTask Include="Assets\modelData\enemy.FBX">
      <Filter>Assets\modelData</Filter>
    </MeshContentTask>
    <MeshContentTask Include="Assets\modelData\star.FBX">
      <Filter>Assets\modelData</Filter>
    </MeshContentTask>
  </ItemGroup>
  <ItemGroup>
    <ImageContentTask Include="Assets\modelData\utc_spec.tga">
      <Filter>Assets\modelData</Filter>
    </ImageContentTask>
    <ImageContentTask Include="Assets\modelData\utc_nomal.tga">
      <Filter>Assets\modelData</Filter>
    </ImageContentTask>
    <ImageContentTask Include="Assets\sprite\utc_all2_light.png">
      <Filter>Assets\modelData</Filter>
    </ImageContentTask>
    <ImageContentTask Include="Assets\modelData\UnityChanLogo.png">
      <Filter>Assets\modelData</Filter>
    </ImageContentTask>
    <ImageContentTask Include="Assets\sprite\title.png">
      <Filter>Assets\sprite</Filter>
    </ImageContentTask>
    <ImageContentTask Include="Assets\sprite\fade.png">
      <Filter>Assets\sprite</Filter>
    </ImageContentTask>
  </ItemGroup>
</Project>