<?xml version="1.0" encoding="utf-8"?>
<Project ToolsVersion="4.0" xmlns:atg="http://atg.xbox.com" xmlns="http://schemas.microsoft.com/developer/msbuild/2003">
  <ItemGroup>
    <Filter Include="Assets">
      <UniqueIdentifier>{ed0b04a6-fecd-4a2c-a462-59a8f4639f36}</UniqueIdentifier>
    </Filter>
    <Filter Include="Resource Files">
      <UniqueIdentifier>{8e114980-c1a3-4ada-ad7c-83caadf5daeb}</UniqueIdentifier>
      <Extensions>rc;ico;cur;bmp;dlg;rc2;rct;bin;rgs;gif;jpg;jpeg;jpe</Extensions>
    </Filter>
    <Filter Include="Assets\modelData">
      <UniqueIdentifier>{06086914-6aa4-4cad-9b07-6f9d357f04df}</UniqueIdentifier>
    </Filter>
    <Filter Include="Assets\sprite">
      <UniqueIdentifier>{a6ce300a-b532-440d-b914-b4661d3015ad}</UniqueIdentifier>
    </Filter>
    <Filter Include="Assets\animData">
      <UniqueIdentifier>{39c5c4a2-51e4-4530-86f1-36f659ac679e}</UniqueIdentifier>
    </Filter>
    <Filter Include="Assets\font">
      <UniqueIdentifier>{277e5887-dcb1-4477-83c6-2e119db0feeb}</UniqueIdentifier>
    </Filter>
    <Filter Include="Assets\shader">
      <UniqueIdentifier>{54b6fd2c-2161-4183-8b37-1b8a36deceff}</UniqueIdentifier>
    </Filter>
    <Filter Include="Assets\loc">
      <UniqueIdentifier>{406e583e-64de-4bd8-8f81-f013062a50ed}</UniqueIdentifier>
    </Filter>
    <Filter Include="Assets\animData\animData">
      <UniqueIdentifier>{a184aebb-2fc4-4ba3-8fe1-33b59bf98545}</UniqueIdentifier>
    </Filter>
    <Filter Include="Assets\pathData">
      <UniqueIdentifier>{3bac8ca1-9e8d-4237-8c0b-7cecc3146e2f}</UniqueIdentifier>
    </Filter>
    <Filter Include="Assets\sound">
      <UniqueIdentifier>{3bbea22d-df1d-435f-be29-0a48b18dd17a}</UniqueIdentifier>
    </Filter>
  </ItemGroup>
  <ItemGroup>
    <ClCompile Include="main.cpp" />
    <ClCompile Include="stdafx.cpp" />
    <ClCompile Include="Game.cpp" />
    <ClCompile Include="Player.cpp" />
    <ClCompile Include="Background.cpp" />
    <ClCompile Include="GameCamera.cpp" />
    <ClCompile Include="Enemy.cpp" />
    <ClCompile Include="Path.cpp" />
    <ClCompile Include="EnemyPathMoveLoop.cpp" />
    <ClCompile Include="GameOverControl.cpp" />
    <ClCompile Include="GameOverCamera.cpp" />
    <ClCompile Include="star.cpp" />
    <ClCompile Include="GameClearControl.cpp" />
    <ClCompile Include="GameClearCamera.cpp" />
    <ClCompile Include="StarRenderer.cpp" />
    <ClCompile Include="PlayerSilhouette.cpp" />
    <ClCompile Include="Title.cpp" />
    <ClCompile Include="Fade.cpp" />
  </ItemGroup>
  <ItemGroup>
    <CLInclude Include="resource.h">
      <Filter>Resource Files</Filter>
    </CLInclude>
    <ClInclude Include="stdafx.h" />
    <ClInclude Include="Game.h" />
    <ClInclude Include="Player.h" />
    <ClInclude Include="Background.h" />
    <ClInclude Include="GameCamera.h" />
    <ClInclude Include="Enemy.h" />
    <ClInclude Include="Path.h" />
    <ClInclude Include="EnemyPathMoveLoop.h" />
    <ClInclude Include="GameOverControl.h" />
    <ClInclude Include="GameOverCamera.h" />
    <ClInclude Include="star.h" />
    <ClInclude Include="GameClearControl.h" />
    <ClInclude Include="GameClearCamera.h" />
    <ClInclude Include="StarRenderer.h" />
    <ClInclude Include="PlayerSilhouette.h" />
    <ClInclude Include="Title.h" />
    <ClInclude Include="Fade.h" />
  </ItemGroup>
  <ItemGroup>
    <ResourceCompile Include="Game.rc">
      <Filter>Resource Files</Filter>
    </ResourceCompile>
  </ItemGroup>
  <ItemGroup>
    <MeshContentTask Include="Assets\modelData\unityChan.fbx">
      <Filter>Assets\modelData</Filter>
    </MeshContentTask>
    <MeshContentTask Include="Assets\modelData\background.FBX">
      <Filter>Assets\modelData</Filter>
    </MeshContentTask>
    <MeshContentTask Include="Assets\modelData\enemy.FBX">
      <Filter>Assets\modelData</Filter>
    </MeshContentTask>
    <MeshContentTask Include="Assets\modelData\star.FBX">
      <Filter>Assets\modelData</Filter>
    </MeshContentTask>
  </ItemGroup>
  <ItemGroup>
    <CustomBuild Include="Assets\modelData\unityChan.tks">
      <Filter>Assets\modelData</Filter>
    </CustomBuild>
    <CustomBuild Include="Assets\shader\LightingFunction.h">
      <Filter>Assets\shader</Filter>
    </CustomBuild>
    <CustomBuild Include="Assets\shader\model.fx">
      <Filter>Assets\shader</Filter>
    </CustomBuild>
    <CustomBuild Include="Assets\shader\LightCulling.fx">
      <Filter>Assets\shader</Filter>
    </CustomBuild>
    <CustomBuild Include="Assets\shader\fxaa.fx">
      <Filter>Assets\shader</Filter>
    </CustomBuild>
    <CustomBuild Include="Assets\shader\copy.fx">
      <Filter>Assets\shader</Filter>
    </CustomBuild>
    <CustomBuild Include="Assets\shader\bloom.fx">
      <Filter>Assets\shader</Filter>
    </CustomBuild>
    <CustomBuild Include="Assets\font\myfile.spritefont">
      <Filter>Assets\font</Filter>
    </CustomBuild>
    <CustomBuild Include="Assets\animData\walk.tka">
      <Filter>Assets\animData</Filter>
    </CustomBuild>
    <CustomBuild Include="Assets\animData\run.tka">
      <Filter>Assets\animData</Filter>
    </CustomBuild>
    <CustomBuild Include="Assets\animData\jump.tka">
      <Filter>Assets\animData</Filter>
    </CustomBuild>
    <CustomBuild Include="Assets\animData\idle.tka">
      <Filter>Assets\animData</Filter>
    </CustomBuild>
    <CustomBuild Include="Assets\animData\damage.tka">
      <Filter>Assets\animData</Filter>
    </CustomBuild>
    <CustomBuild Include="Assets\shader\dithering.fx">
      <Filter>Assets\shader</Filter>
    </CustomBuild>
    <CustomBuild Include="Assets\animData\KneelDown.tka">
      <Filter>Assets\animData</Filter>
    </CustomBuild>
    <CustomBuild Include="Assets\shader\sprite.fx">
      <Filter>Assets\shader</Filter>
    </CustomBuild>
    <CustomBuild Include="Assets\shader\tonemap.fx">
      <Filter>Assets\shader</Filter>
    </CustomBuild>
    <CustomBuild Include="Assets\shader\modelStruct.h">
      <Filter>Assets\shader</Filter>
    </CustomBuild>
    <CustomBuild Include="Assets\shader\modelSRV.h">
      <Filter>Assets\shader</Filter>
    </CustomBuild>
    <CustomBuild Include="Assets\shader\modelCB.h">
      <Filter>Assets\shader</Filter>
    </CustomBuild>
    <CustomBuild Include="Assets\shader\sampleBRDF.h">
      <Filter>Assets\shader</Filter>
    </CustomBuild>
    <CustomBuild Include="Assets\animData\enemy\idle.tka">
      <Filter>Assets\animData\animData</Filter>
    </CustomBuild>
    <CustomBuild Include="Assets\animData\enemy\run.tka">
      <Filter>Assets\animData\animData</Filter>
    </CustomBuild>
    <CustomBuild Include="Assets\modelData\enemy.tks">
      <Filter>Assets\modelData</Filter>
    </CustomBuild>
    <CustomBuild Include="Assets\loc\light.tks">
      <Filter>Assets\loc</Filter>
    </CustomBuild>
    <CustomBuild Include="Assets\loc\enemy.tks">
      <Filter>Assets\loc</Filter>
    </CustomBuild>
    <CustomBuild Include="Assets\pathData\enemy04_path.tks">
      <Filter>Assets\pathData</Filter>
    </CustomBuild>
    <CustomBuild Include="Assets\pathData\enemy02_path.tks">
      <Filter>Assets\pathData</Filter>
    </CustomBuild>
    <CustomBuild Include="Assets\pathData\enemy01_path.tks">
      <Filter>Assets\pathData</Filter>
    </CustomBuild>
    <CustomBuild Include="Assets\pathData\enemy05_path.tks">
      <Filter>Assets\pathData</Filter>
    </CustomBuild>
    <CustomBuild Include="Assets\sound\uni1479.wav">
      <Filter>Assets\sound</Filter>
    </CustomBuild>
    <CustomBuild Include="Assets\sound\uni1482.wav">
      <Filter>Assets\sound</Filter>
    </CustomBuild>
    <CustomBuild Include="Assets\sound\uni1519.wav">
      <Filter>Assets\sound</Filter>
    </CustomBuild>
    <CustomBuild Include="Assets\sound\normalBGM.wav">
      <Filter>Assets\sound</Filter>
    </CustomBuild>
    <CustomBuild Include="Assets\loc\star.tks">
      <Filter>Assets\loc</Filter>
    </CustomBuild>
    <CustomBuild Include="Assets\sound\coinGet.wav">
      <Filter>Assets\sound</Filter>
    </CustomBuild>
    <CustomBuild Include="Assets\sound\uni1518.wav">
      <Filter>Assets\sound</Filter>
    </CustomBuild>
    <CustomBuild Include="Assets\animData\clear.tka">
      <Filter>Assets\animData</Filter>
    </CustomBuild>
    <CustomBuild Include="Assets\font\hato_pop.spritefont">
      <Filter>Assets\font</Filter>
    </CustomBuild>
    <CustomBuild Include="Assets\sound\title.wav">
      <Filter>Assets\sound</Filter>
    </CustomBuild>
    <CustomBuild Include="Assets\sound\press_key.wav">
      <Filter>Assets\sound</Filter>
    </CustomBuild>
    <CustomBuild Include="Assets\shader\blur.fx">
      <Filter>Assets\shader</Filter>
    </CustomBuild>
    <CustomBuild Include="Assets\shader\shadowBlur.fx" />
  </ItemGroup>
  <ItemGroup>
    <ImageContentTask Include="Assets\modelData\utc_spec.tga">
      <Filter>Assets\modelData</Filter>
    </ImageContentTask>
    <ImageContentTask Include="Assets\modelData\utc_nomal.tga">
      <Filter>Assets\modelData</Filter>
    </ImageContentTask>
    <ImageContentTask Include="Assets\sprite\utc_all2_light.png">
      <Filter>Assets\modelData</Filter>
    </ImageContentTask>
    <ImageContentTask Include="Assets\modelData\UnityChanLogo.png">
      <Filter>Assets\modelData</Filter>
    </ImageContentTask>
    <ImageContentTask Include="Assets\sprite\title.png">
      <Filter>Assets\sprite</Filter>
    </ImageContentTask>
    <ImageContentTask Include="Assets\sprite\fade.png">
      <Filter>Assets\sprite</Filter>
    </ImageContentTask>
  </ItemGroup>
</Project>