
Microsoft Visual Studio Solution File, Format Version 12.00
# Visual Studio 2012
Project("{8BC9CEB8-8B4A-11D0-8D11-00A0C91BC942}") = "demo_chat_cocos2dx_windows", "demo_chat_cocos2dx_windows.vcxproj", "{F081CC9A-303C-43E7-82BC-EC44A6910B7A}"
	ProjectSection(ProjectDependencies) = postProject
		{98A51BA8-FC3A-415B-AC8F-8C7BD464E93E} = {98A51BA8-FC3A-415B-AC8F-8C7BD464E93E}
	EndProjectSection
EndProject
Project("{8BC9CEB8-8B4A-11D0-8D11-00A0C91BC942}") = "libcocos2d", "..\..\..\etc-bin\cocos2dx\cocos2dx\proj.win32\cocos2d.vcxproj", "{98A51BA8-FC3A-415B-AC8F-8C7BD464E93E}"
EndProject
Global
	GlobalSection(SolutionConfigurationPlatforms) = preSolution
		debug_windows_md|Win32 = debug_windows_md|Win32
		release_windows_md|Win32 = release_windows_md|Win32
	EndGlobalSection
	GlobalSection(ProjectConfigurationPlatforms) = postSolution
		{F081CC9A-303C-43E7-82BC-EC44A6910B7A}.debug_windows_md|Win32.ActiveCfg = debug_windows_md|Win32
		{F081CC9A-303C-43E7-82BC-EC44A6910B7A}.debug_windows_md|Win32.Build.0 = debug_windows_md|Win32
		{F081CC9A-303C-43E7-82BC-EC44A6910B7A}.release_windows_md|Win32.ActiveCfg = release_windows_md|Win32
		{F081CC9A-303C-43E7-82BC-EC44A6910B7A}.release_windows_md|Win32.Build.0 = release_windows_md|Win32
		{98A51BA8-FC3A-415B-AC8F-8C7BD464E93E}.debug_windows_md|Win32.ActiveCfg = debug_windows_md|Win32
		{98A51BA8-FC3A-415B-AC8F-8C7BD464E93E}.debug_windows_md|Win32.Build.0 = debug_windows_md|Win32
		{98A51BA8-FC3A-415B-AC8F-8C7BD464E93E}.release_windows_md|Win32.ActiveCfg = release_windows_md|Win32
		{98A51BA8-FC3A-415B-AC8F-8C7BD464E93E}.release_windows_md|Win32.Build.0 = release_windows_md|Win32
	EndGlobalSection
	GlobalSection(SolutionProperties) = preSolution
		HideSolutionNode = FALSE
	EndGlobalSection
EndGlobal
